
Microsoft Visual Studio Solution File, Format Version 12.00
# Visual Studio Version 17
VisualStudioVersion = 17.0.31903.59
MinimumVisualStudioVersion = 10.0.40219.1
Project("{FAE04EC0-301F-11D3-BF4B-00C04F79EFBC}") = "CoolProject.API", "CoolProject.API\CoolProject.API.csproj", "{9F2F169D-96EA-4128-953C-AC5A1F47F552}"
EndProject
Project("{FAE04EC0-301F-11D3-BF4B-00C04F79EFBC}") = "CoolProject.Application", "CoolProject.Application\CoolProject.Application.csproj", "{12F6A7E1-0D4D-403D-B167-6E71288B5C26}"
EndProject
Project("{FAE04EC0-301F-11D3-BF4B-00C04F79EFBC}") = "CoolProject.Domain", "CoolProject.Domain\CoolProject.Domain.csproj", "{BD6C0B39-6491-481E-9F69-740F8C386103}"
EndProject
Project("{FAE04EC0-301F-11D3-BF4B-00C04F79EFBC}") = "CoolProject.Infrastructure", "CoolProject.Infrastructure\CoolProject.Infrastructure.csproj", "{39BA608C-5F2B-4E5B-835A-4A5ADCDD9743}"
EndProject
Global
	GlobalSection(SolutionConfigurationPlatforms) = preSolution
		Debug|Any CPU = Debug|Any CPU
		Release|Any CPU = Release|Any CPU
	EndGlobalSection
	GlobalSection(SolutionProperties) = preSolution
		HideSolutionNode = FALSE
	EndGlobalSection
	GlobalSection(ProjectConfigurationPlatforms) = postSolution
		{9F2F169D-96EA-4128-953C-AC5A1F47F552}.Debug|Any CPU.ActiveCfg = Debug|Any CPU
		{9F2F169D-96EA-4128-953C-AC5A1F47F552}.Debug|Any CPU.Build.0 = Debug|Any CPU
		{9F2F169D-96EA-4128-953C-AC5A1F47F552}.Release|Any CPU.ActiveCfg = Release|Any CPU
		{9F2F169D-96EA-4128-953C-AC5A1F47F552}.Release|Any CPU.Build.0 = Release|Any CPU
		{12F6A7E1-0D4D-403D-B167-6E71288B5C26}.Debug|Any CPU.ActiveCfg = Debug|Any CPU
		{12F6A7E1-0D4D-403D-B167-6E71288B5C26}.Debug|Any CPU.Build.0 = Debug|Any CPU
		{12F6A7E1-0D4D-403D-B167-6E71288B5C26}.Release|Any CPU.ActiveCfg = Release|Any CPU
		{12F6A7E1-0D4D-403D-B167-6E71288B5C26}.Release|Any CPU.Build.0 = Release|Any CPU
		{BD6C0B39-6491-481E-9F69-740F8C386103}.Debug|Any CPU.ActiveCfg = Debug|Any CPU
		{BD6C0B39-6491-481E-9F69-740F8C386103}.Debug|Any CPU.Build.0 = Debug|Any CPU
		{BD6C0B39-6491-481E-9F69-740F8C386103}.Release|Any CPU.ActiveCfg = Release|Any CPU
		{BD6C0B39-6491-481E-9F69-740F8C386103}.Release|Any CPU.Build.0 = Release|Any CPU
		{39BA608C-5F2B-4E5B-835A-4A5ADCDD9743}.Debug|Any CPU.ActiveCfg = Debug|Any CPU
		{39BA608C-5F2B-4E5B-835A-4A5ADCDD9743}.Debug|Any CPU.Build.0 = Debug|Any CPU
		{39BA608C-5F2B-4E5B-835A-4A5ADCDD9743}.Release|Any CPU.ActiveCfg = Release|Any CPU
		{39BA608C-5F2B-4E5B-835A-4A5ADCDD9743}.Release|Any CPU.Build.0 = Release|Any CPU
	EndGlobalSection
EndGlobal
